
Microsoft Visual Studio Solution File, Format Version 12.00
# Visual Studio Version 17
VisualStudioVersion = 17.5.33424.131
MinimumVisualStudioVersion = 10.0.40219.1
Project("{FAE04EC0-301F-11D3-BF4B-00C04F79EFBC}") = "28.4", "28.4\28.4.csproj", "{2D320535-57F5-414C-893D-9F96C46955DA}"
EndProject
Global
	GlobalSection(SolutionConfigurationPlatforms) = preSolution
		Debug|Any CPU = Debug|Any CPU
		Release|Any CPU = Release|Any CPU
	EndGlobalSection
	GlobalSection(ProjectConfigurationPlatforms) = postSolution
		{2D320535-57F5-414C-893D-9F96C46955DA}.Debug|Any CPU.ActiveCfg = Debug|Any CPU
		{2D320535-57F5-414C-893D-9F96C46955DA}.Debug|Any CPU.Build.0 = Debug|Any CPU
		{2D320535-57F5-414C-893D-9F96C46955DA}.Release|Any CPU.ActiveCfg = Release|Any CPU
		{2D320535-57F5-414C-893D-9F96C46955DA}.Release|Any CPU.Build.0 = Release|Any CPU
	EndGlobalSection
	GlobalSection(SolutionProperties) = preSolution
		HideSolutionNode = FALSE
	EndGlobalSection
	GlobalSection(ExtensibilityGlobals) = postSolution
		SolutionGuid = {28FFB923-C51F-4CB7-B8DD-65E0AAD6B7C1}
	EndGlobalSection
EndGlobal
